
Microsoft Visual Studio Solution File, Format Version 12.00
# Visual Studio 14
VisualStudioVersion = 14.0.25123.0
MinimumVisualStudioVersion = 10.0.40219.1
Project("{A07B5EB6-E848-4116-A8D0-A826331D98C6}") = "ClassroomManagement", "ClassroomManagement\ClassroomManagement.sfproj", "{D0DE0E9A-36C4-4861-B451-D9F15FB9E84E}"
EndProject
Project("{FAE04EC0-301F-11D3-BF4B-00C04F79EFBC}") = "Delegate", "Delegate\Delegate.csproj", "{8C25FD65-8751-43F6-BEEC-B5157C815197}"
EndProject
Project("{FAE04EC0-301F-11D3-BF4B-00C04F79EFBC}") = "Delegate.Interfaces", "Delegate.Interfaces\Delegate.Interfaces.csproj", "{9E38994C-4A4F-4D3A-A196-612FF27B4EF5}"
EndProject
Project("{151D2E53-A2C4-4D7D-83FE-D05416EBD58E}") = "ClassroomManagementARM", "ClassroomManagementARM\ClassroomManagementARM\ClassroomManagementARM.deployproj", "{BEF13782-6F00-40CE-9985-6276E84A8E36}"
EndProject
Project("{FAE04EC0-301F-11D3-BF4B-00C04F79EFBC}") = "Classroom", "Classroom\Classroom.csproj", "{DED133F3-2BD5-4355-A085-448A77C3863A}"
EndProject
Global
	GlobalSection(SolutionConfigurationPlatforms) = preSolution
		Debug|Any CPU = Debug|Any CPU
		Debug|x64 = Debug|x64
		Release|Any CPU = Release|Any CPU
		Release|x64 = Release|x64
	EndGlobalSection
	GlobalSection(ProjectConfigurationPlatforms) = postSolution
		{D0DE0E9A-36C4-4861-B451-D9F15FB9E84E}.Debug|Any CPU.ActiveCfg = Debug|x64
		{D0DE0E9A-36C4-4861-B451-D9F15FB9E84E}.Debug|x64.ActiveCfg = Debug|x64
		{D0DE0E9A-36C4-4861-B451-D9F15FB9E84E}.Debug|x64.Build.0 = Debug|x64
		{D0DE0E9A-36C4-4861-B451-D9F15FB9E84E}.Debug|x64.Deploy.0 = Debug|x64
		{D0DE0E9A-36C4-4861-B451-D9F15FB9E84E}.Release|Any CPU.ActiveCfg = Release|x64
		{D0DE0E9A-36C4-4861-B451-D9F15FB9E84E}.Release|x64.ActiveCfg = Release|x64
		{D0DE0E9A-36C4-4861-B451-D9F15FB9E84E}.Release|x64.Build.0 = Release|x64
		{D0DE0E9A-36C4-4861-B451-D9F15FB9E84E}.Release|x64.Deploy.0 = Release|x64
		{8C25FD65-8751-43F6-BEEC-B5157C815197}.Debug|Any CPU.ActiveCfg = Debug|x64
		{8C25FD65-8751-43F6-BEEC-B5157C815197}.Debug|x64.ActiveCfg = Debug|x64
		{8C25FD65-8751-43F6-BEEC-B5157C815197}.Debug|x64.Build.0 = Debug|x64
		{8C25FD65-8751-43F6-BEEC-B5157C815197}.Release|Any CPU.ActiveCfg = Release|x64
		{8C25FD65-8751-43F6-BEEC-B5157C815197}.Release|x64.ActiveCfg = Release|x64
		{8C25FD65-8751-43F6-BEEC-B5157C815197}.Release|x64.Build.0 = Release|x64
		{9E38994C-4A4F-4D3A-A196-612FF27B4EF5}.Debug|Any CPU.ActiveCfg = Debug|x64
		{9E38994C-4A4F-4D3A-A196-612FF27B4EF5}.Debug|x64.ActiveCfg = Debug|x64
		{9E38994C-4A4F-4D3A-A196-612FF27B4EF5}.Debug|x64.Build.0 = Debug|x64
		{9E38994C-4A4F-4D3A-A196-612FF27B4EF5}.Release|Any CPU.ActiveCfg = Release|x64
		{9E38994C-4A4F-4D3A-A196-612FF27B4EF5}.Release|x64.ActiveCfg = Release|x64
		{9E38994C-4A4F-4D3A-A196-612FF27B4EF5}.Release|x64.Build.0 = Release|x64
		{BEF13782-6F00-40CE-9985-6276E84A8E36}.Debug|Any CPU.ActiveCfg = Debug|Any CPU
		{BEF13782-6F00-40CE-9985-6276E84A8E36}.Debug|Any CPU.Build.0 = Debug|Any CPU
		{BEF13782-6F00-40CE-9985-6276E84A8E36}.Debug|x64.ActiveCfg = Debug|Any CPU
		{BEF13782-6F00-40CE-9985-6276E84A8E36}.Debug|x64.Build.0 = Debug|Any CPU
		{BEF13782-6F00-40CE-9985-6276E84A8E36}.Release|Any CPU.ActiveCfg = Release|Any CPU
		{BEF13782-6F00-40CE-9985-6276E84A8E36}.Release|Any CPU.Build.0 = Release|Any CPU
		{BEF13782-6F00-40CE-9985-6276E84A8E36}.Release|x64.ActiveCfg = Release|Any CPU
		{BEF13782-6F00-40CE-9985-6276E84A8E36}.Release|x64.Build.0 = Release|Any CPU
		{DED133F3-2BD5-4355-A085-448A77C3863A}.Debug|Any CPU.ActiveCfg = Debug|x64
		{DED133F3-2BD5-4355-A085-448A77C3863A}.Debug|x64.ActiveCfg = Debug|x64
		{DED133F3-2BD5-4355-A085-448A77C3863A}.Debug|x64.Build.0 = Debug|x64
		{DED133F3-2BD5-4355-A085-448A77C3863A}.Release|Any CPU.ActiveCfg = Release|x64
		{DED133F3-2BD5-4355-A085-448A77C3863A}.Release|x64.ActiveCfg = Release|x64
		{DED133F3-2BD5-4355-A085-448A77C3863A}.Release|x64.Build.0 = Release|x64
	EndGlobalSection
	GlobalSection(SolutionProperties) = preSolution
		HideSolutionNode = FALSE
	EndGlobalSection
EndGlobal
